
Microsoft Visual Studio Solution File, Format Version 12.00
# Visual Studio Version 16
VisualStudioVersion = 16.0.31005.135
MinimumVisualStudioVersion = 10.0.40219.1
Project("{9A19103F-16F7-4668-BE54-9A1E7A4F7556}") = "Business", "Business\Business.csproj", "{EEAE4883-2D66-4AA7-BA1F-84D22EF3CD43}"
EndProject
Project("{9A19103F-16F7-4668-BE54-9A1E7A4F7556}") = "DataAccess", "DataAccess\DataAccess.csproj", "{31E01120-0ABC-4FFF-BA9B-A30B7146B2BC}"
EndProject
Project("{9A19103F-16F7-4668-BE54-9A1E7A4F7556}") = "Entities", "Entities\Entities.csproj", "{7E19C265-CB25-4A1D-A84F-59C0F616B871}"
EndProject
Project("{9A19103F-16F7-4668-BE54-9A1E7A4F7556}") = "ConsoleUI", "ConsoleUI\ConsoleUI.csproj", "{F17AE34C-E954-4ACC-8724-1C9EF09673A7}"
EndProject
Project("{9A19103F-16F7-4668-BE54-9A1E7A4F7556}") = "Core", "Core\Core.csproj", "{04C81BE3-F1AC-4022-B476-E788EFA53ED6}"
EndProject
Project("{FAE04EC0-301F-11D3-BF4B-00C04F79EFBC}") = "WebAPI", "WebAPI\WebAPI.csproj", "{A8E09B50-217F-4065-9BFE-7214A44D61B9}"
EndProject
Global
	GlobalSection(SolutionConfigurationPlatforms) = preSolution
		Debug|Any CPU = Debug|Any CPU
		Release|Any CPU = Release|Any CPU
	EndGlobalSection
	GlobalSection(ProjectConfigurationPlatforms) = postSolution
		{EEAE4883-2D66-4AA7-BA1F-84D22EF3CD43}.Debug|Any CPU.ActiveCfg = Debug|Any CPU
		{EEAE4883-2D66-4AA7-BA1F-84D22EF3CD43}.Debug|Any CPU.Build.0 = Debug|Any CPU
		{EEAE4883-2D66-4AA7-BA1F-84D22EF3CD43}.Release|Any CPU.ActiveCfg = Release|Any CPU
		{EEAE4883-2D66-4AA7-BA1F-84D22EF3CD43}.Release|Any CPU.Build.0 = Release|Any CPU
		{31E01120-0ABC-4FFF-BA9B-A30B7146B2BC}.Debug|Any CPU.ActiveCfg = Debug|Any CPU
		{31E01120-0ABC-4FFF-BA9B-A30B7146B2BC}.Debug|Any CPU.Build.0 = Debug|Any CPU
		{31E01120-0ABC-4FFF-BA9B-A30B7146B2BC}.Release|Any CPU.ActiveCfg = Release|Any CPU
		{31E01120-0ABC-4FFF-BA9B-A30B7146B2BC}.Release|Any CPU.Build.0 = Release|Any CPU
		{7E19C265-CB25-4A1D-A84F-59C0F616B871}.Debug|Any CPU.ActiveCfg = Debug|Any CPU
		{7E19C265-CB25-4A1D-A84F-59C0F616B871}.Debug|Any CPU.Build.0 = Debug|Any CPU
		{7E19C265-CB25-4A1D-A84F-59C0F616B871}.Release|Any CPU.ActiveCfg = Release|Any CPU
		{7E19C265-CB25-4A1D-A84F-59C0F616B871}.Release|Any CPU.Build.0 = Release|Any CPU
		{F17AE34C-E954-4ACC-8724-1C9EF09673A7}.Debug|Any CPU.ActiveCfg = Debug|Any CPU
		{F17AE34C-E954-4ACC-8724-1C9EF09673A7}.Debug|Any CPU.Build.0 = Debug|Any CPU
		{F17AE34C-E954-4ACC-8724-1C9EF09673A7}.Release|Any CPU.ActiveCfg = Release|Any CPU
		{F17AE34C-E954-4ACC-8724-1C9EF09673A7}.Release|Any CPU.Build.0 = Release|Any CPU
		{04C81BE3-F1AC-4022-B476-E788EFA53ED6}.Debug|Any CPU.ActiveCfg = Debug|Any CPU
		{04C81BE3-F1AC-4022-B476-E788EFA53ED6}.Debug|Any CPU.Build.0 = Debug|Any CPU
		{04C81BE3-F1AC-4022-B476-E788EFA53ED6}.Release|Any CPU.ActiveCfg = Release|Any CPU
		{04C81BE3-F1AC-4022-B476-E788EFA53ED6}.Release|Any CPU.Build.0 = Release|Any CPU
		{A8E09B50-217F-4065-9BFE-7214A44D61B9}.Debug|Any CPU.ActiveCfg = Debug|Any CPU
		{A8E09B50-217F-4065-9BFE-7214A44D61B9}.Debug|Any CPU.Build.0 = Debug|Any CPU
		{A8E09B50-217F-4065-9BFE-7214A44D61B9}.Release|Any CPU.ActiveCfg = Release|Any CPU
		{A8E09B50-217F-4065-9BFE-7214A44D61B9}.Release|Any CPU.Build.0 = Release|Any CPU
	EndGlobalSection
	GlobalSection(SolutionProperties) = preSolution
		HideSolutionNode = FALSE
	EndGlobalSection
	GlobalSection(ExtensibilityGlobals) = postSolution
		SolutionGuid = {E4143AF0-3228-44DF-9EDD-CCC8167AEF14}
	EndGlobalSection
EndGlobal
